
Microsoft Visual Studio Solution File, Format Version 12.00
# Visual Studio Version 16
VisualStudioVersion = 16.0.29424.173
MinimumVisualStudioVersion = 10.0.40219.1
Project("{FAE04EC0-301F-11D3-BF4B-00C04F79EFBC}") = "StokTakip", "StokTakip\StokTakip.csproj", "{BF9D3DAB-BDB8-40BA-BFF1-575E162D684A}"
EndProject
Global
	GlobalSection(SolutionConfigurationPlatforms) = preSolution
		Debug|Any CPU = Debug|Any CPU
		Release|Any CPU = Release|Any CPU
	EndGlobalSection
	GlobalSection(ProjectConfigurationPlatforms) = postSolution
		{BF9D3DAB-BDB8-40BA-BFF1-575E162D684A}.Debug|Any CPU.ActiveCfg = Debug|Any CPU
		{BF9D3DAB-BDB8-40BA-BFF1-575E162D684A}.Debug|Any CPU.Build.0 = Debug|Any CPU
		{BF9D3DAB-BDB8-40BA-BFF1-575E162D684A}.Release|Any CPU.ActiveCfg = Release|Any CPU
		{BF9D3DAB-BDB8-40BA-BFF1-575E162D684A}.Release|Any CPU.Build.0 = Release|Any CPU
	EndGlobalSection
	GlobalSection(SolutionProperties) = preSolution
		HideSolutionNode = FALSE
	EndGlobalSection
	GlobalSection(ExtensibilityGlobals) = postSolution
		SolutionGuid = {0D3F59C1-B726-4600-B1E4-DAD714B4B7CD}
	EndGlobalSection
EndGlobal
